// !$*UTF8*$!
{
	archiveVersion = 1;
	classes = {
	};
	objectVersion = 56;
	objects = {

/* Begin PBXBuildFile section */
		C41E845129E592F90084A6CA /* MainViewController.swift in Sources */ = {isa = PBXBuildFile; fileRef = C41E845029E592F90084A6CA /* MainViewController.swift */; };
		C41E845729E596360084A6CA /* Color.swift in Sources */ = {isa = PBXBuildFile; fileRef = C41E845629E596360084A6CA /* Color.swift */; };
		C41E845929E5B4050084A6CA /* SettingsViewController.swift in Sources */ = {isa = PBXBuildFile; fileRef = C41E845829E5B4050084A6CA /* SettingsViewController.swift */; };
		C4F4DBA629CD649E005002FA /* AppDelegate.swift in Sources */ = {isa = PBXBuildFile; fileRef = C4F4DBA529CD649E005002FA /* AppDelegate.swift */; };
		C4F4DBA829CD649E005002FA /* SceneDelegate.swift in Sources */ = {isa = PBXBuildFile; fileRef = C4F4DBA729CD649E005002FA /* SceneDelegate.swift */; };
		C4F4DBAD29CD649E005002FA /* Main.storyboard in Resources */ = {isa = PBXBuildFile; fileRef = C4F4DBAB29CD649E005002FA /* Main.storyboard */; };
		C4F4DBAF29CD64A1005002FA /* Assets.xcassets in Resources */ = {isa = PBXBuildFile; fileRef = C4F4DBAE29CD64A1005002FA /* Assets.xcassets */; };
		C4F4DBB229CD64A1005002FA /* LaunchScreen.storyboard in Resources */ = {isa = PBXBuildFile; fileRef = C4F4DBB029CD64A1005002FA /* LaunchScreen.storyboard */; };
/* End PBXBuildFile section */

/* Begin PBXFileReference section */
		C41E845029E592F90084A6CA /* MainViewController.swift */ = {isa = PBXFileReference; lastKnownFileType = sourcecode.swift; path = MainViewController.swift; sourceTree = "<group>"; };
		C41E845629E596360084A6CA /* Color.swift */ = {isa = PBXFileReference; lastKnownFileType = sourcecode.swift; path = Color.swift; sourceTree = "<group>"; };
		C41E845829E5B4050084A6CA /* SettingsViewController.swift */ = {isa = PBXFileReference; lastKnownFileType = sourcecode.swift; path = SettingsViewController.swift; sourceTree = "<group>"; };
		C4F4DBA229CD649E005002FA /* Homework 2.04.app */ = {isa = PBXFileReference; explicitFileType = wrapper.application; includeInIndex = 0; path = "Homework 2.04.app"; sourceTree = BUILT_PRODUCTS_DIR; };
		C4F4DBA529CD649E005002FA /* AppDelegate.swift */ = {isa = PBXFileReference; lastKnownFileType = sourcecode.swift; path = AppDelegate.swift; sourceTree = "<group>"; };
		C4F4DBA729CD649E005002FA /* SceneDelegate.swift */ = {isa = PBXFileReference; lastKnownFileType = sourcecode.swift; path = SceneDelegate.swift; sourceTree = "<group>"; };
		C4F4DBAC29CD649E005002FA /* Base */ = {isa = PBXFileReference; lastKnownFileType = file.storyboard; name = Base; path = Base.lproj/Main.storyboard; sourceTree = "<group>"; };
		C4F4DBAE29CD64A1005002FA /* Assets.xcassets */ = {isa = PBXFileReference; lastKnownFileType = folder.assetcatalog; path = Assets.xcassets; sourceTree = "<group>"; };
		C4F4DBB129CD64A1005002FA /* Base */ = {isa = PBXFileReference; lastKnownFileType = file.storyboard; name = Base; path = Base.lproj/LaunchScreen.storyboard; sourceTree = "<group>"; };
		C4F4DBB329CD64A1005002FA /* Info.plist */ = {isa = PBXFileReference; lastKnownFileType = text.plist.xml; path = Info.plist; sourceTree = "<group>"; };
/* End PBXFileReference section */

/* Begin PBXFrameworksBuildPhase section */
		C4F4DB9F29CD649E005002FA /* Frameworks */ = {
			isa = PBXFrameworksBuildPhase;
			buildActionMask = 2147483647;
			files = (
			);
			runOnlyForDeploymentPostprocessing = 0;
		};
/* End PBXFrameworksBuildPhase section */

/* Begin PBXGroup section */
		C41E845229E593040084A6CA /* Storyboards */ = {
			isa = PBXGroup;
			children = (
				C4F4DBAB29CD649E005002FA /* Main.storyboard */,
				C4F4DBB029CD64A1005002FA /* LaunchScreen.storyboard */,
			);
			path = Storyboards;
			sourceTree = "<group>";
		};
		C41E845329E593350084A6CA /* ViewControllers */ = {
			isa = PBXGroup;
			children = (
				C41E845029E592F90084A6CA /* MainViewController.swift */,
				C41E845829E5B4050084A6CA /* SettingsViewController.swift */,
			);
			path = ViewControllers;
			sourceTree = "<group>";
		};
		C41E845429E593570084A6CA /* App */ = {
			isa = PBXGroup;
			children = (
				C4F4DBA529CD649E005002FA /* AppDelegate.swift */,
				C4F4DBA729CD649E005002FA /* SceneDelegate.swift */,
				C4F4DBB329CD64A1005002FA /* Info.plist */,
			);
			path = App;
			sourceTree = "<group>";
		};
		C41E845529E595DB0084A6CA /* Models */ = {
			isa = PBXGroup;
			children = (
				C41E845629E596360084A6CA /* Color.swift */,
			);
			path = Models;
			sourceTree = "<group>";
		};
		C4F4DB9929CD649E005002FA = {
			isa = PBXGroup;
			children = (
				C4F4DBA429CD649E005002FA /* Homework 2.04 */,
				C4F4DBAE29CD64A1005002FA /* Assets.xcassets */,
				C4F4DBA329CD649E005002FA /* Products */,
			);
			sourceTree = "<group>";
		};
		C4F4DBA329CD649E005002FA /* Products */ = {
			isa = PBXGroup;
			children = (
				C4F4DBA229CD649E005002FA /* Homework 2.04.app */,
			);
			name = Products;
			sourceTree = "<group>";
		};
		C4F4DBA429CD649E005002FA /* Homework 2.04 */ = {
			isa = PBXGroup;
			children = (
				C41E845529E595DB0084A6CA /* Models */,
				C41E845229E593040084A6CA /* Storyboards */,
				C41E845329E593350084A6CA /* ViewControllers */,
				C41E845429E593570084A6CA /* App */,
			);
			path = "Homework 2.04";
			sourceTree = "<group>";
		};
/* End PBXGroup section */

/* Begin PBXNativeTarget section */
		C4F4DBA129CD649E005002FA /* Homework 2.04 */ = {
			isa = PBXNativeTarget;
			buildConfigurationList = C4F4DBB629CD64A1005002FA /* Build configuration list for PBXNativeTarget "Homework 2.04" */;
			buildPhases = (
				C4F4DB9E29CD649E005002FA /* Sources */,
				C4F4DB9F29CD649E005002FA /* Frameworks */,
				C4F4DBA029CD649E005002FA /* Resources */,
			);
			buildRules = (
			);
			dependencies = (
			);
			name = "Homework 2.04";
			productName = "Homework 2.04";
			productReference = C4F4DBA229CD649E005002FA /* Homework 2.04.app */;
			productType = "com.apple.product-type.application";
		};
/* End PBXNativeTarget section */

/* Begin PBXProject section */
		C4F4DB9A29CD649E005002FA /* Project object */ = {
			isa = PBXProject;
			attributes = {
				BuildIndependentTargetsInParallel = 1;
				LastSwiftUpdateCheck = 1420;
				LastUpgradeCheck = 1420;
				TargetAttributes = {
					C4F4DBA129CD649E005002FA = {
						CreatedOnToolsVersion = 14.2;
					};
				};
			};
			buildConfigurationList = C4F4DB9D29CD649E005002FA /* Build configuration list for PBXProject "Homework 2.04" */;
			compatibilityVersion = "Xcode 14.0";
			developmentRegion = en;
			hasScannedForEncodings = 0;
			knownRegions = (
				en,
				Base,
			);
			mainGroup = C4F4DB9929CD649E005002FA;
			productRefGroup = C4F4DBA329CD649E005002FA /* Products */;
			projectDirPath = "";
			projectRoot = "";
			targets = (
				C4F4DBA129CD649E005002FA /* Homework 2.04 */,
			);
		};
/* End PBXProject section */

/* Begin PBXResourcesBuildPhase section */
		C4F4DBA029CD649E005002FA /* Resources */ = {
			isa = PBXResourcesBuildPhase;
			buildActionMask = 2147483647;
			files = (
				C4F4DBB229CD64A1005002FA /* LaunchScreen.storyboard in Resources */,
				C4F4DBAF29CD64A1005002FA /* Assets.xcassets in Resources */,
				C4F4DBAD29CD649E005002FA /* Main.storyboard in Resources */,
			);
			runOnlyForDeploymentPostprocessing = 0;
		};
/* End PBXResourcesBuildPhase section */

/* Begin PBXSourcesBuildPhase section */
		C4F4DB9E29CD649E005002FA /* Sources */ = {
			isa = PBXSourcesBuildPhase;
			buildActionMask = 2147483647;
			files = (
				C4F4DBA629CD649E005002FA /* AppDelegate.swift in Sources */,
				C4F4DBA829CD649E005002FA /* SceneDelegate.swift in Sources */,
				C41E845729E596360084A6CA /* Color.swift in Sources */,
				C41E845929E5B4050084A6CA /* SettingsViewController.swift in Sources */,
				C41E845129E592F90084A6CA /* MainViewController.swift in Sources */,
			);
			runOnlyForDeploymentPostprocessing = 0;
		};
/* End PBXSourcesBuildPhase section */

/* Begin PBXVariantGroup section */
		C4F4DBAB29CD649E005002FA /* Main.storyboard */ = {
			isa = PBXVariantGroup;
			children = (
				C4F4DBAC29CD649E005002FA /* Base */,
			);
			name = Main.storyboard;
			sourceTree = "<group>";
		};
		C4F4DBB029CD64A1005002FA /* LaunchScreen.storyboard */ = {
			isa = PBXVariantGroup;
			children = (
				C4F4DBB129CD64A1005002FA /* Base */,
			);
			name = LaunchScreen.storyboard;
			sourceTree = "<group>";
		};
/* End PBXVariantGroup section */

/* Begin XCBuildConfiguration section */
		C4F4DBB429CD64A1005002FA /* Debug */ = {
			isa = XCBuildConfiguration;
			buildSettings = {
				ALWAYS_SEARCH_USER_PATHS = NO;
				CLANG_ANALYZER_NONNULL = YES;
				CLANG_ANALYZER_NUMBER_OBJECT_CONVERSION = YES_AGGRESSIVE;
				CLANG_CXX_LANGUAGE_STANDARD = "gnu++20";
				CLANG_ENABLE_MODULES = YES;
				CLANG_ENABLE_OBJC_ARC = YES;
				CLANG_ENABLE_OBJC_WEAK = YES;
				CLANG_WARN_BLOCK_CAPTURE_AUTORELEASING = YES;
				CLANG_WARN_BOOL_CONVERSION = YES;
				CLANG_WARN_COMMA = YES;
				CLANG_WARN_CONSTANT_CONVERSION = YES;
				CLANG_WARN_DEPRECATED_OBJC_IMPLEMENTATIONS = YES;
				CLANG_WARN_DIRECT_OBJC_ISA_USAGE = YES_ERROR;
				CLANG_WARN_DOCUMENTATION_COMMENTS = YES;
				CLANG_WARN_EMPTY_BODY = YES;
				CLANG_WARN_ENUM_CONVERSION = YES;
				CLANG_WARN_INFINITE_RECURSION = YES;
				CLANG_WARN_INT_CONVERSION = YES;
				CLANG_WARN_NON_LITERAL_NULL_CONVERSION = YES;
				CLANG_WARN_OBJC_IMPLICIT_RETAIN_SELF = YES;
				CLANG_WARN_OBJC_LITERAL_CONVERSION = YES;
				CLANG_WARN_OBJC_ROOT_CLASS = YES_ERROR;
				CLANG_WARN_QUOTED_INCLUDE_IN_FRAMEWORK_HEADER = YES;
				CLANG_WARN_RANGE_LOOP_ANALYSIS = YES;
				CLANG_WARN_STRICT_PROTOTYPES = YES;
				CLANG_WARN_SUSPICIOUS_MOVE = YES;
				CLANG_WARN_UNGUARDED_AVAILABILITY = YES_AGGRESSIVE;
				CLANG_WARN_UNREACHABLE_CODE = YES;
				CLANG_WARN__DUPLICATE_METHOD_MATCH = YES;
				COPY_PHASE_STRIP = NO;
				DEBUG_INFORMATION_FORMAT = dwarf;
				ENABLE_STRICT_OBJC_MSGSEND = YES;
				ENABLE_TESTABILITY = YES;
				GCC_C_LANGUAGE_STANDARD = gnu11;
				GCC_DYNAMIC_NO_PIC = NO;
				GCC_NO_COMMON_BLOCKS = YES;
				GCC_OPTIMIZATION_LEVEL = 0;
				GCC_PREPROCESSOR_DEFINITIONS = (
					"DEBUG=1",
					"$(inherited)",
				);
				GCC_WARN_64_TO_32_BIT_CONVERSION = YES;
				GCC_WARN_ABOUT_RETURN_TYPE = YES_ERROR;
				GCC_WARN_UNDECLARED_SELECTOR = YES;
				GCC_WARN_UNINITIALIZED_AUTOS = YES_AGGRESSIVE;
				GCC_WARN_UNUSED_FUNCTION = YES;
				GCC_WARN_UNUSED_VARIABLE = YES;
				IPHONEOS_DEPLOYMENT_TARGET = 16.2;
				MTL_ENABLE_DEBUG_INFO = INCLUDE_SOURCE;
				MTL_FAST_MATH = YES;
				ONLY_ACTIVE_ARCH = YES;
				SDKROOT = iphoneos;
				SWIFT_ACTIVE_COMPILATION_CONDITIONS = DEBUG;
				SWIFT_OPTIMIZATION_LEVEL = "-Onone";
			};
			name = Debug;
		};
		C4F4DBB529CD64A1005002FA /* Release */ = {
			isa = XCBuildConfiguration;
			buildSettings = {
				ALWAYS_SEARCH_USER_PATHS = NO;
				CLANG_ANALYZER_NONNULL = YES;
				CLANG_ANALYZER_NUMBER_OBJECT_CONVERSION = YES_AGGRESSIVE;
				CLANG_CXX_LANGUAGE_STANDARD = "gnu++20";
				CLANG_ENABLE_MODULES = YES;
				CLANG_ENABLE_OBJC_ARC = YES;
				CLANG_ENABLE_OBJC_WEAK = YES;
				CLANG_WARN_BLOCK_CAPTURE_AUTORELEASING = YES;
				CLANG_WARN_BOOL_CONVERSION = YES;
				CLANG_WARN_COMMA = YES;
				CLANG_WARN_CONSTANT_CONVERSION = YES;
				CLANG_WARN_DEPRECATED_OBJC_IMPLEMENTATIONS = YES;
				CLANG_WARN_DIRECT_OBJC_ISA_USAGE = YES_ERROR;
				CLANG_WARN_DOCUMENTATION_COMMENTS = YES;
				CLANG_WARN_EMPTY_BODY = YES;
				CLANG_WARN_ENUM_CONVERSION = YES;
				CLANG_WARN_INFINITE_RECURSION = YES;
				CLANG_WARN_INT_CONVERSION = YES;
				CLANG_WARN_NON_LITERAL_NULL_CONVERSION = YES;
				CLANG_WARN_OBJC_IMPLICIT_RETAIN_SELF = YES;
				CLANG_WARN_OBJC_LITERAL_CONVERSION = YES;
				CLANG_WARN_OBJC_ROOT_CLASS = YES_ERROR;
				CLANG_WARN_QUOTED_INCLUDE_IN_FRAMEWORK_HEADER = YES;
				CLANG_WARN_RANGE_LOOP_ANALYSIS = YES;
				CLANG_WARN_STRICT_PROTOTYPES = YES;
				CLANG_WARN_SUSPICIOUS_MOVE = YES;
				CLANG_WARN_UNGUARDED_AVAILABILITY = YES_AGGRESSIVE;
				CLANG_WARN_UNREACHABLE_CODE = YES;
				CLANG_WARN__DUPLICATE_METHOD_MATCH = YES;
				COPY_PHASE_STRIP = NO;
				DEBUG_INFORMATION_FORMAT = "dwarf-with-dsym";
				ENABLE_NS_ASSERTIONS = NO;
				ENABLE_STRICT_OBJC_MSGSEND = YES;
				GCC_C_LANGUAGE_STANDARD = gnu11;
				GCC_NO_COMMON_BLOCKS = YES;
				GCC_WARN_64_TO_32_BIT_CONVERSION = YES;
				GCC_WARN_ABOUT_RETURN_TYPE = YES_ERROR;
				GCC_WARN_UNDECLARED_SELECTOR = YES;
				GCC_WARN_UNINITIALIZED_AUTOS = YES_AGGRESSIVE;
				GCC_WARN_UNUSED_FUNCTION = YES;
				GCC_WARN_UNUSED_VARIABLE = YES;
				IPHONEOS_DEPLOYMENT_TARGET = 16.2;
				MTL_ENABLE_DEBUG_INFO = NO;
				MTL_FAST_MATH = YES;
				SDKROOT = iphoneos;
				SWIFT_COMPILATION_MODE = wholemodule;
				SWIFT_OPTIMIZATION_LEVEL = "-O";
				VALIDATE_PRODUCT = YES;
			};
			name = Release;
		};
		C4F4DBB729CD64A1005002FA /* Debug */ = {
			isa = XCBuildConfiguration;
			buildSettings = {
				ASSETCATALOG_COMPILER_APPICON_NAME = AppIcon;
				ASSETCATALOG_COMPILER_GLOBAL_ACCENT_COLOR_NAME = AccentColor;
				CODE_SIGN_STYLE = Automatic;
				CURRENT_PROJECT_VERSION = 1;
				DEVELOPMENT_TEAM = 848LVZR9JB;
				GENERATE_INFOPLIST_FILE = YES;
				INFOPLIST_FILE = "Homework 2.04/App/Info.plist";
				INFOPLIST_KEY_UIApplicationSupportsIndirectInputEvents = YES;
				INFOPLIST_KEY_UILaunchStoryboardName = LaunchScreen;
				INFOPLIST_KEY_UIMainStoryboardFile = Main;
				INFOPLIST_KEY_UISupportedInterfaceOrientations = UIInterfaceOrientationPortrait;
				INFOPLIST_KEY_UISupportedInterfaceOrientations_iPad = "UIInterfaceOrientationLandscapeLeft UIInterfaceOrientationLandscapeRight UIInterfaceOrientationPortrait UIInterfaceOrientationPortraitUpsideDown";
				IPHONEOS_DEPLOYMENT_TARGET = 15.5;
				LD_RUNPATH_SEARCH_PATHS = (
					"$(inherited)",
					"@executable_path/Frameworks",
				);
				MARKETING_VERSION = 1.0;
				PRODUCT_BUNDLE_IDENTIFIER = "Iaroslav-Beldin.Homework-2-04";
				PRODUCT_NAME = "$(TARGET_NAME)";
				SUPPORTED_PLATFORMS = "iphoneos iphonesimulator";
				SUPPORTS_MACCATALYST = NO;
				SUPPORTS_MAC_DESIGNED_FOR_IPHONE_IPAD = NO;
				SWIFT_EMIT_LOC_STRINGS = YES;
				SWIFT_VERSION = 5.0;
				TARGETED_DEVICE_FAMILY = 1;
			};
			name = Debug;
		};
		C4F4DBB829CD64A1005002FA /* Release */ = {
			isa = XCBuildConfiguration;
			buildSettings = {
				ASSETCATALOG_COMPILER_APPICON_NAME = AppIcon;
				ASSETCATALOG_COMPILER_GLOBAL_ACCENT_COLOR_NAME = AccentColor;
				CODE_SIGN_STYLE = Automatic;
				CURRENT_PROJECT_VERSION = 1;
				DEVELOPMENT_TEAM = 848LVZR9JB;
				GENERATE_INFOPLIST_FILE = YES;
				INFOPLIST_FILE = "Homework 2.04/App/Info.plist";
				INFOPLIST_KEY_UIApplicationSupportsIndirectInputEvents = YES;
				INFOPLIST_KEY_UILaunchStoryboardName = LaunchScreen;
				INFOPLIST_KEY_UIMainStoryboardFile = Main;
				INFOPLIST_KEY_UISupportedInterfaceOrientations = UIInterfaceOrientationPortrait;
				INFOPLIST_KEY_UISupportedInterfaceOrientations_iPad = "UIInterfaceOrientationLandscapeLeft UIInterfaceOrientationLandscapeRight UIInterfaceOrientationPortrait UIInterfaceOrientationPortraitUpsideDown";
				IPHONEOS_DEPLOYMENT_TARGET = 15.5;
				LD_RUNPATH_SEARCH_PATHS = (
					"$(inherited)",
					"@executable_path/Frameworks",
				);
				MARKETING_VERSION = 1.0;
				PRODUCT_BUNDLE_IDENTIFIER = "Iaroslav-Beldin.Homework-2-04";
				PRODUCT_NAME = "$(TARGET_NAME)";
				SUPPORTED_PLATFORMS = "iphoneos iphonesimulator";
				SUPPORTS_MACCATALYST = NO;
				SUPPORTS_MAC_DESIGNED_FOR_IPHONE_IPAD = NO;
				SWIFT_EMIT_LOC_STRINGS = YES;
				SWIFT_VERSION = 5.0;
				TARGETED_DEVICE_FAMILY = 1;
			};
			name = Release;
		};
/* End XCBuildConfiguration section */

/* Begin XCConfigurationList section */
		C4F4DB9D29CD649E005002FA /* Build configuration list for PBXProject "Homework 2.04" */ = {
			isa = XCConfigurationList;
			buildConfigurations = (
				C4F4DBB429CD64A1005002FA /* Debug */,
				C4F4DBB529CD64A1005002FA /* Release */,
			);
			defaultConfigurationIsVisible = 0;
			defaultConfigurationName = Release;
		};
		C4F4DBB629CD64A1005002FA /* Build configuration list for PBXNativeTarget "Homework 2.04" */ = {
			isa = XCConfigurationList;
			buildConfigurations = (
				C4F4DBB729CD64A1005002FA /* Debug */,
				C4F4DBB829CD64A1005002FA /* Release */,
			);
			defaultConfigurationIsVisible = 0;
			defaultConfigurationName = Release;
		};
/* End XCConfigurationList section */
	};
	rootObject = C4F4DB9A29CD649E005002FA /* Project object */;
}
